// !$*UTF8*$!
{
	archiveVersion = 1;
	classes = {
	};
	objectVersion = 50;
	objects = {

/* Begin PBXBuildFile section */
		1D3900D067DF39BE8D6BFC9F /* Pods_QuizApp.framework in Frameworks */ = {isa = PBXBuildFile; fileRef = 12D16564A1CCBBB5FA0DFE6C /* Pods_QuizApp.framework */; };
		2B32AA3822C4BD1D0045C06E /* Model.xcdatamodeld in Sources */ = {isa = PBXBuildFile; fileRef = 2B32AA3622C4BD1D0045C06E /* Model.xcdatamodeld */; };
		2B32AA3E22C4C7AF0045C06E /* Quiz2+CoreDataClass.swift in Sources */ = {isa = PBXBuildFile; fileRef = 2B32AA3D22C4C7AF0045C06E /* Quiz2+CoreDataClass.swift */; };
		2B32AA4022C4C7D70045C06E /* Question2+CoreDataClass.swift in Sources */ = {isa = PBXBuildFile; fileRef = 2B32AA3F22C4C7D70045C06E /* Question2+CoreDataClass.swift */; };
		2B32AA4222C4CC190045C06E /* DataController.swift in Sources */ = {isa = PBXBuildFile; fileRef = 2B32AA4122C4CC190045C06E /* DataController.swift */; };
		2B4EFFA622C4091500A3CAE3 /* TabBarViewController.swift in Sources */ = {isa = PBXBuildFile; fileRef = 2B4EFFA522C4091500A3CAE3 /* TabBarViewController.swift */; };
		2B4EFFA922C409D400A3CAE3 /* SettingsViewController.swift in Sources */ = {isa = PBXBuildFile; fileRef = 2B4EFFA722C409D400A3CAE3 /* SettingsViewController.swift */; };
		2B4EFFAA22C409D400A3CAE3 /* SettingsViewController.xib in Resources */ = {isa = PBXBuildFile; fileRef = 2B4EFFA822C409D400A3CAE3 /* SettingsViewController.xib */; };
		2B6B34E22291F242001DBF04 /* LoginViewController.swift in Sources */ = {isa = PBXBuildFile; fileRef = 2B6B34E02291F242001DBF04 /* LoginViewController.swift */; };
		2B6B34E32291F242001DBF04 /* LoginViewController.xib in Resources */ = {isa = PBXBuildFile; fileRef = 2B6B34E12291F242001DBF04 /* LoginViewController.xib */; };
		2B6B34E62291FA04001DBF04 /* QuizzesViewController.swift in Sources */ = {isa = PBXBuildFile; fileRef = 2B6B34E42291FA04001DBF04 /* QuizzesViewController.swift */; };
		2B6B34E72291FA04001DBF04 /* QuizzesViewController.xib in Resources */ = {isa = PBXBuildFile; fileRef = 2B6B34E52291FA04001DBF04 /* QuizzesViewController.xib */; };
		2B6B34E92291FDCB001DBF04 /* QuizzesTableSectionHeader.swift in Sources */ = {isa = PBXBuildFile; fileRef = 2B6B34E82291FDCB001DBF04 /* QuizzesTableSectionHeader.swift */; };
		2B6B34EC2291FF5C001DBF04 /* QuizTableViewCell.swift in Sources */ = {isa = PBXBuildFile; fileRef = 2B6B34EA2291FF5C001DBF04 /* QuizTableViewCell.swift */; };
		2B6B34ED2291FF5C001DBF04 /* QuizTableViewCell.xib in Resources */ = {isa = PBXBuildFile; fileRef = 2B6B34EB2291FF5C001DBF04 /* QuizTableViewCell.xib */; };
		2B6B34EF229205F3001DBF04 /* QuizDifficultyView.swift in Sources */ = {isa = PBXBuildFile; fileRef = 2B6B34EE229205F3001DBF04 /* QuizDifficultyView.swift */; };
		2B6B34F22292177F001DBF04 /* QuizViewController.swift in Sources */ = {isa = PBXBuildFile; fileRef = 2B6B34F02292177F001DBF04 /* QuizViewController.swift */; };
		2B6B34F32292177F001DBF04 /* QuizViewController.xib in Resources */ = {isa = PBXBuildFile; fileRef = 2B6B34F12292177F001DBF04 /* QuizViewController.xib */; };
		2B6B97D922C527ED00582585 /* LeaderboardViewController.swift in Sources */ = {isa = PBXBuildFile; fileRef = 2B6B97D722C527ED00582585 /* LeaderboardViewController.swift */; };
		2B6B97DA22C527ED00582585 /* LeaderboardViewController.xib in Resources */ = {isa = PBXBuildFile; fileRef = 2B6B97D822C527ED00582585 /* LeaderboardViewController.xib */; };
		2B6B97DD22C52CC500582585 /* LeaderboardTableViewCell.swift in Sources */ = {isa = PBXBuildFile; fileRef = 2B6B97DB22C52CC500582585 /* LeaderboardTableViewCell.swift */; };
		2B6B97DE22C52CC500582585 /* LeaderboardTableViewCell.xib in Resources */ = {isa = PBXBuildFile; fileRef = 2B6B97DC22C52CC500582585 /* LeaderboardTableViewCell.xib */; };
		2B6B97E022C5301600582585 /* LeaderboardItem.swift in Sources */ = {isa = PBXBuildFile; fileRef = 2B6B97DF22C5301600582585 /* LeaderboardItem.swift */; };
		2B6B97E522C546D500582585 /* SearchViewController.swift in Sources */ = {isa = PBXBuildFile; fileRef = 2B6B97E322C546D500582585 /* SearchViewController.swift */; };
		2B6B97E622C546D500582585 /* SearchViewController.xib in Resources */ = {isa = PBXBuildFile; fileRef = 2B6B97E422C546D500582585 /* SearchViewController.xib */; };
		2BAD909422C0E421001C6CE8 /* QuizSection.swift in Sources */ = {isa = PBXBuildFile; fileRef = 2BAD909322C0E421001C6CE8 /* QuizSection.swift */; };
		2BAD909622C22891001C6CE8 /* QuizResult.swift in Sources */ = {isa = PBXBuildFile; fileRef = 2BAD909522C22891001C6CE8 /* QuizResult.swift */; };
		2BAD909822C230AE001C6CE8 /* StatusCode.swift in Sources */ = {isa = PBXBuildFile; fileRef = 2BAD909722C230AE001C6CE8 /* StatusCode.swift */; };
		2BB6D7C4225F5AD600C57248 /* AppDelegate.swift in Sources */ = {isa = PBXBuildFile; fileRef = 2BB6D7C3225F5AD600C57248 /* AppDelegate.swift */; };
		2BB6D7CB225F5AD800C57248 /* Assets.xcassets in Resources */ = {isa = PBXBuildFile; fileRef = 2BB6D7CA225F5AD800C57248 /* Assets.xcassets */; };
		2BB6D7CE225F5AD800C57248 /* LaunchScreen.storyboard in Resources */ = {isa = PBXBuildFile; fileRef = 2BB6D7CC225F5AD800C57248 /* LaunchScreen.storyboard */; };
		2BB6D7DD225F5F7B00C57248 /* InitialViewController.swift in Sources */ = {isa = PBXBuildFile; fileRef = 2BB6D7DB225F5F7B00C57248 /* InitialViewController.swift */; };
		2BB6D7DE225F5F7B00C57248 /* InitialViewController.xib in Resources */ = {isa = PBXBuildFile; fileRef = 2BB6D7DC225F5F7B00C57248 /* InitialViewController.xib */; };
		2BB6D7E0225F64FA00C57248 /* QuizService.swift in Sources */ = {isa = PBXBuildFile; fileRef = 2BB6D7DF225F64FA00C57248 /* QuizService.swift */; };
		2BB6D7E2225F659400C57248 /* Quiz.swift in Sources */ = {isa = PBXBuildFile; fileRef = 2BB6D7E1225F659400C57248 /* Quiz.swift */; };
		2BB6D7E4225F666700C57248 /* Question.swift in Sources */ = {isa = PBXBuildFile; fileRef = 2BB6D7E3225F666600C57248 /* Question.swift */; };
		2BB6D7E8225F8F5F00C57248 /* QuizCategoryColor.swift in Sources */ = {isa = PBXBuildFile; fileRef = 2BB6D7E7225F8F5F00C57248 /* QuizCategoryColor.swift */; };
		2BB6D7EB225F92BD00C57248 /* QuestionView.swift in Sources */ = {isa = PBXBuildFile; fileRef = 2BB6D7E9225F92BD00C57248 /* QuestionView.swift */; };
		2BB6D7EC225F92BD00C57248 /* QuestionView.xib in Resources */ = {isa = PBXBuildFile; fileRef = 2BB6D7EA225F92BD00C57248 /* QuestionView.xib */; };
		2BD722A82292AAFC002AD20F /* AuthService.swift in Sources */ = {isa = PBXBuildFile; fileRef = 2BD722A72292AAFC002AD20F /* AuthService.swift */; };
		2BD722AA2292ABD7002AD20F /* AuthToken.swift in Sources */ = {isa = PBXBuildFile; fileRef = 2BD722A92292ABD7002AD20F /* AuthToken.swift */; };
		2BD722AC2292AECD002AD20F /* LoginParmeters.swift in Sources */ = {isa = PBXBuildFile; fileRef = 2BD722AB2292AECD002AD20F /* LoginParmeters.swift */; };
/* End PBXBuildFile section */

/* Begin PBXFileReference section */
		12D16564A1CCBBB5FA0DFE6C /* Pods_QuizApp.framework */ = {isa = PBXFileReference; explicitFileType = wrapper.framework; includeInIndex = 0; path = Pods_QuizApp.framework; sourceTree = BUILT_PRODUCTS_DIR; };
		2B32AA3722C4BD1D0045C06E /* Model.xcdatamodel */ = {isa = PBXFileReference; lastKnownFileType = wrapper.xcdatamodel; path = Model.xcdatamodel; sourceTree = "<group>"; };
		2B32AA3D22C4C7AF0045C06E /* Quiz2+CoreDataClass.swift */ = {isa = PBXFileReference; lastKnownFileType = sourcecode.swift; path = "Quiz2+CoreDataClass.swift"; sourceTree = "<group>"; };
		2B32AA3F22C4C7D70045C06E /* Question2+CoreDataClass.swift */ = {isa = PBXFileReference; lastKnownFileType = sourcecode.swift; path = "Question2+CoreDataClass.swift"; sourceTree = "<group>"; };
		2B32AA4122C4CC190045C06E /* DataController.swift */ = {isa = PBXFileReference; lastKnownFileType = sourcecode.swift; path = DataController.swift; sourceTree = "<group>"; };
		2B4EFFA522C4091500A3CAE3 /* TabBarViewController.swift */ = {isa = PBXFileReference; lastKnownFileType = sourcecode.swift; path = TabBarViewController.swift; sourceTree = "<group>"; };
		2B4EFFA722C409D400A3CAE3 /* SettingsViewController.swift */ = {isa = PBXFileReference; lastKnownFileType = sourcecode.swift; path = SettingsViewController.swift; sourceTree = "<group>"; };
		2B4EFFA822C409D400A3CAE3 /* SettingsViewController.xib */ = {isa = PBXFileReference; lastKnownFileType = file.xib; path = SettingsViewController.xib; sourceTree = "<group>"; };
		2B6B34E02291F242001DBF04 /* LoginViewController.swift */ = {isa = PBXFileReference; lastKnownFileType = sourcecode.swift; path = LoginViewController.swift; sourceTree = "<group>"; };
		2B6B34E12291F242001DBF04 /* LoginViewController.xib */ = {isa = PBXFileReference; lastKnownFileType = file.xib; path = LoginViewController.xib; sourceTree = "<group>"; };
		2B6B34E42291FA04001DBF04 /* QuizzesViewController.swift */ = {isa = PBXFileReference; lastKnownFileType = sourcecode.swift; path = QuizzesViewController.swift; sourceTree = "<group>"; };
		2B6B34E52291FA04001DBF04 /* QuizzesViewController.xib */ = {isa = PBXFileReference; lastKnownFileType = file.xib; path = QuizzesViewController.xib; sourceTree = "<group>"; };
		2B6B34E82291FDCB001DBF04 /* QuizzesTableSectionHeader.swift */ = {isa = PBXFileReference; lastKnownFileType = sourcecode.swift; path = QuizzesTableSectionHeader.swift; sourceTree = "<group>"; };
		2B6B34EA2291FF5C001DBF04 /* QuizTableViewCell.swift */ = {isa = PBXFileReference; lastKnownFileType = sourcecode.swift; path = QuizTableViewCell.swift; sourceTree = "<group>"; };
		2B6B34EB2291FF5C001DBF04 /* QuizTableViewCell.xib */ = {isa = PBXFileReference; lastKnownFileType = file.xib; path = QuizTableViewCell.xib; sourceTree = "<group>"; };
		2B6B34EE229205F3001DBF04 /* QuizDifficultyView.swift */ = {isa = PBXFileReference; lastKnownFileType = sourcecode.swift; path = QuizDifficultyView.swift; sourceTree = "<group>"; };
		2B6B34F02292177F001DBF04 /* QuizViewController.swift */ = {isa = PBXFileReference; lastKnownFileType = sourcecode.swift; path = QuizViewController.swift; sourceTree = "<group>"; };
		2B6B34F12292177F001DBF04 /* QuizViewController.xib */ = {isa = PBXFileReference; lastKnownFileType = file.xib; path = QuizViewController.xib; sourceTree = "<group>"; };
		2B6B97D722C527ED00582585 /* LeaderboardViewController.swift */ = {isa = PBXFileReference; lastKnownFileType = sourcecode.swift; path = LeaderboardViewController.swift; sourceTree = "<group>"; };
		2B6B97D822C527ED00582585 /* LeaderboardViewController.xib */ = {isa = PBXFileReference; lastKnownFileType = file.xib; path = LeaderboardViewController.xib; sourceTree = "<group>"; };
		2B6B97DB22C52CC500582585 /* LeaderboardTableViewCell.swift */ = {isa = PBXFileReference; lastKnownFileType = sourcecode.swift; path = LeaderboardTableViewCell.swift; sourceTree = "<group>"; };
		2B6B97DC22C52CC500582585 /* LeaderboardTableViewCell.xib */ = {isa = PBXFileReference; lastKnownFileType = file.xib; path = LeaderboardTableViewCell.xib; sourceTree = "<group>"; };
		2B6B97DF22C5301600582585 /* LeaderboardItem.swift */ = {isa = PBXFileReference; lastKnownFileType = sourcecode.swift; path = LeaderboardItem.swift; sourceTree = "<group>"; };
		2B6B97E322C546D500582585 /* SearchViewController.swift */ = {isa = PBXFileReference; lastKnownFileType = sourcecode.swift; path = SearchViewController.swift; sourceTree = "<group>"; };
		2B6B97E422C546D500582585 /* SearchViewController.xib */ = {isa = PBXFileReference; lastKnownFileType = file.xib; path = SearchViewController.xib; sourceTree = "<group>"; };
		2BAD909322C0E421001C6CE8 /* QuizSection.swift */ = {isa = PBXFileReference; lastKnownFileType = sourcecode.swift; path = QuizSection.swift; sourceTree = "<group>"; };
		2BAD909522C22891001C6CE8 /* QuizResult.swift */ = {isa = PBXFileReference; lastKnownFileType = sourcecode.swift; path = QuizResult.swift; sourceTree = "<group>"; };
		2BAD909722C230AE001C6CE8 /* StatusCode.swift */ = {isa = PBXFileReference; lastKnownFileType = sourcecode.swift; path = StatusCode.swift; sourceTree = "<group>"; };
		2BB6D7C0225F5AD600C57248 /* QuizApp.app */ = {isa = PBXFileReference; explicitFileType = wrapper.application; includeInIndex = 0; path = QuizApp.app; sourceTree = BUILT_PRODUCTS_DIR; };
		2BB6D7C3225F5AD600C57248 /* AppDelegate.swift */ = {isa = PBXFileReference; lastKnownFileType = sourcecode.swift; path = AppDelegate.swift; sourceTree = "<group>"; };
		2BB6D7CA225F5AD800C57248 /* Assets.xcassets */ = {isa = PBXFileReference; lastKnownFileType = folder.assetcatalog; path = Assets.xcassets; sourceTree = "<group>"; };
		2BB6D7CD225F5AD800C57248 /* Base */ = {isa = PBXFileReference; lastKnownFileType = file.storyboard; name = Base; path = Base.lproj/LaunchScreen.storyboard; sourceTree = "<group>"; };
		2BB6D7CF225F5AD800C57248 /* Info.plist */ = {isa = PBXFileReference; lastKnownFileType = text.plist.xml; path = Info.plist; sourceTree = "<group>"; };
		2BB6D7DB225F5F7B00C57248 /* InitialViewController.swift */ = {isa = PBXFileReference; lastKnownFileType = sourcecode.swift; path = InitialViewController.swift; sourceTree = "<group>"; };
		2BB6D7DC225F5F7B00C57248 /* InitialViewController.xib */ = {isa = PBXFileReference; lastKnownFileType = file.xib; path = InitialViewController.xib; sourceTree = "<group>"; };
		2BB6D7DF225F64FA00C57248 /* QuizService.swift */ = {isa = PBXFileReference; lastKnownFileType = sourcecode.swift; path = QuizService.swift; sourceTree = "<group>"; };
		2BB6D7E1225F659400C57248 /* Quiz.swift */ = {isa = PBXFileReference; lastKnownFileType = sourcecode.swift; path = Quiz.swift; sourceTree = "<group>"; };
		2BB6D7E3225F666600C57248 /* Question.swift */ = {isa = PBXFileReference; lastKnownFileType = sourcecode.swift; path = Question.swift; sourceTree = "<group>"; };
		2BB6D7E7225F8F5F00C57248 /* QuizCategoryColor.swift */ = {isa = PBXFileReference; lastKnownFileType = sourcecode.swift; path = QuizCategoryColor.swift; sourceTree = "<group>"; };
		2BB6D7E9225F92BD00C57248 /* QuestionView.swift */ = {isa = PBXFileReference; lastKnownFileType = sourcecode.swift; path = QuestionView.swift; sourceTree = "<group>"; };
		2BB6D7EA225F92BD00C57248 /* QuestionView.xib */ = {isa = PBXFileReference; lastKnownFileType = file.xib; path = QuestionView.xib; sourceTree = "<group>"; };
		2BD722A72292AAFC002AD20F /* AuthService.swift */ = {isa = PBXFileReference; lastKnownFileType = sourcecode.swift; path = AuthService.swift; sourceTree = "<group>"; };
		2BD722A92292ABD7002AD20F /* AuthToken.swift */ = {isa = PBXFileReference; lastKnownFileType = sourcecode.swift; path = AuthToken.swift; sourceTree = "<group>"; };
		2BD722AB2292AECD002AD20F /* LoginParmeters.swift */ = {isa = PBXFileReference; lastKnownFileType = sourcecode.swift; path = LoginParmeters.swift; sourceTree = "<group>"; };
		789F8E143B66D2D9EF69D9A8 /* Pods-QuizApp.release.xcconfig */ = {isa = PBXFileReference; includeInIndex = 1; lastKnownFileType = text.xcconfig; name = "Pods-QuizApp.release.xcconfig"; path = "Target Support Files/Pods-QuizApp/Pods-QuizApp.release.xcconfig"; sourceTree = "<group>"; };
		85E497B20307BC3AB11D9FEC /* Pods-QuizApp.debug.xcconfig */ = {isa = PBXFileReference; includeInIndex = 1; lastKnownFileType = text.xcconfig; name = "Pods-QuizApp.debug.xcconfig"; path = "Target Support Files/Pods-QuizApp/Pods-QuizApp.debug.xcconfig"; sourceTree = "<group>"; };
/* End PBXFileReference section */

/* Begin PBXFrameworksBuildPhase section */
		2BB6D7BD225F5AD600C57248 /* Frameworks */ = {
			isa = PBXFrameworksBuildPhase;
			buildActionMask = 2147483647;
			files = (
				1D3900D067DF39BE8D6BFC9F /* Pods_QuizApp.framework in Frameworks */,
			);
			runOnlyForDeploymentPostprocessing = 0;
		};
/* End PBXFrameworksBuildPhase section */

/* Begin PBXGroup section */
		2BB6D7B7225F5AD600C57248 = {
			isa = PBXGroup;
			children = (
				2BB6D7C2225F5AD600C57248 /* iOSVjestina2019_DZ1 */,
				2BB6D7C1225F5AD600C57248 /* Products */,
				C3D1855A81B34F3A04A6ED08 /* Pods */,
				3825E700A8B97A98F4863677 /* Frameworks */,
			);
			sourceTree = "<group>";
		};
		2BB6D7C1225F5AD600C57248 /* Products */ = {
			isa = PBXGroup;
			children = (
				2BB6D7C0225F5AD600C57248 /* QuizApp.app */,
			);
			name = Products;
			sourceTree = "<group>";
		};
		2BB6D7C2225F5AD600C57248 /* iOSVjestina2019_DZ1 */ = {
			isa = PBXGroup;
			children = (
				2BB6D7D8225F5E0300C57248 /* Services */,
				2BB6D7D7225F5DFA00C57248 /* Model */,
				2BB6D7D6225F5DF300C57248 /* Controllers */,
				2BB6D7D5225F5DEA00C57248 /* Views */,
				2BB6D7C3225F5AD600C57248 /* AppDelegate.swift */,
				2BB6D7CA225F5AD800C57248 /* Assets.xcassets */,
				2BB6D7CC225F5AD800C57248 /* LaunchScreen.storyboard */,
				2BB6D7CF225F5AD800C57248 /* Info.plist */,
			);
			path = iOSVjestina2019_DZ1;
			sourceTree = "<group>";
		};
		2BB6D7D5225F5DEA00C57248 /* Views */ = {
			isa = PBXGroup;
			children = (
				2BB6D7E9225F92BD00C57248 /* QuestionView.swift */,
				2BB6D7EA225F92BD00C57248 /* QuestionView.xib */,
				2B6B34E82291FDCB001DBF04 /* QuizzesTableSectionHeader.swift */,
				2B6B34EA2291FF5C001DBF04 /* QuizTableViewCell.swift */,
				2B6B34EB2291FF5C001DBF04 /* QuizTableViewCell.xib */,
				2B6B34EE229205F3001DBF04 /* QuizDifficultyView.swift */,
				2B6B97DB22C52CC500582585 /* LeaderboardTableViewCell.swift */,
				2B6B97DC22C52CC500582585 /* LeaderboardTableViewCell.xib */,
			);
			path = Views;
			sourceTree = "<group>";
		};
		2BB6D7D6225F5DF300C57248 /* Controllers */ = {
			isa = PBXGroup;
			children = (
				2BB6D7DB225F5F7B00C57248 /* InitialViewController.swift */,
				2BB6D7DC225F5F7B00C57248 /* InitialViewController.xib */,
				2B6B34E02291F242001DBF04 /* LoginViewController.swift */,
				2B6B34E12291F242001DBF04 /* LoginViewController.xib */,
				2B6B34E42291FA04001DBF04 /* QuizzesViewController.swift */,
				2B6B34E52291FA04001DBF04 /* QuizzesViewController.xib */,
				2B6B34F02292177F001DBF04 /* QuizViewController.swift */,
				2B6B34F12292177F001DBF04 /* QuizViewController.xib */,
				2B4EFFA522C4091500A3CAE3 /* TabBarViewController.swift */,
				2B4EFFA722C409D400A3CAE3 /* SettingsViewController.swift */,
				2B4EFFA822C409D400A3CAE3 /* SettingsViewController.xib */,
				2B6B97D722C527ED00582585 /* LeaderboardViewController.swift */,
				2B6B97D822C527ED00582585 /* LeaderboardViewController.xib */,
				2B6B97E322C546D500582585 /* SearchViewController.swift */,
				2B6B97E422C546D500582585 /* SearchViewController.xib */,
			);
			path = Controllers;
			sourceTree = "<group>";
		};
		2BB6D7D7225F5DFA00C57248 /* Model */ = {
			isa = PBXGroup;
			children = (
				2BB6D7E1225F659400C57248 /* Quiz.swift */,
				2BB6D7E3225F666600C57248 /* Question.swift */,
				2BB6D7E7225F8F5F00C57248 /* QuizCategoryColor.swift */,
				2BD722A92292ABD7002AD20F /* AuthToken.swift */,
				2BD722AB2292AECD002AD20F /* LoginParmeters.swift */,
				2BAD909322C0E421001C6CE8 /* QuizSection.swift */,
				2BAD909522C22891001C6CE8 /* QuizResult.swift */,
				2BAD909722C230AE001C6CE8 /* StatusCode.swift */,
				2B32AA3622C4BD1D0045C06E /* Model.xcdatamodeld */,
				2B32AA3D22C4C7AF0045C06E /* Quiz2+CoreDataClass.swift */,
				2B32AA3F22C4C7D70045C06E /* Question2+CoreDataClass.swift */,
				2B32AA4122C4CC190045C06E /* DataController.swift */,
				2B6B97DF22C5301600582585 /* LeaderboardItem.swift */,
			);
			path = Model;
			sourceTree = "<group>";
		};
		2BB6D7D8225F5E0300C57248 /* Services */ = {
			isa = PBXGroup;
			children = (
				2BB6D7DF225F64FA00C57248 /* QuizService.swift */,
				2BD722A72292AAFC002AD20F /* AuthService.swift */,
			);
			path = Services;
			sourceTree = "<group>";
		};
		3825E700A8B97A98F4863677 /* Frameworks */ = {
			isa = PBXGroup;
			children = (
				12D16564A1CCBBB5FA0DFE6C /* Pods_QuizApp.framework */,
			);
			name = Frameworks;
			sourceTree = "<group>";
		};
		C3D1855A81B34F3A04A6ED08 /* Pods */ = {
			isa = PBXGroup;
			children = (
				85E497B20307BC3AB11D9FEC /* Pods-QuizApp.debug.xcconfig */,
				789F8E143B66D2D9EF69D9A8 /* Pods-QuizApp.release.xcconfig */,
			);
			path = Pods;
			sourceTree = "<group>";
		};
/* End PBXGroup section */

/* Begin PBXNativeTarget section */
		2BB6D7BF225F5AD600C57248 /* QuizApp */ = {
			isa = PBXNativeTarget;
			buildConfigurationList = 2BB6D7D2225F5AD800C57248 /* Build configuration list for PBXNativeTarget "QuizApp" */;
			buildPhases = (
				B8D0B6B9BB87D3423522F873 /* [CP] Check Pods Manifest.lock */,
				2BB6D7BC225F5AD600C57248 /* Sources */,
				2BB6D7BD225F5AD600C57248 /* Frameworks */,
				2BB6D7BE225F5AD600C57248 /* Resources */,
				256BB22C5EEBEB4F9D8162A3 /* [CP] Embed Pods Frameworks */,
			);
			buildRules = (
			);
			dependencies = (
			);
			name = QuizApp;
			productName = iOSVjestina2019_DZ1;
			productReference = 2BB6D7C0225F5AD600C57248 /* QuizApp.app */;
			productType = "com.apple.product-type.application";
		};
/* End PBXNativeTarget section */

/* Begin PBXProject section */
		2BB6D7B8225F5AD600C57248 /* Project object */ = {
			isa = PBXProject;
			attributes = {
				LastSwiftUpdateCheck = 1010;
				LastUpgradeCheck = 1010;
				ORGANIZATIONNAME = "Ivan Cvitanovic";
				TargetAttributes = {
					2BB6D7BF225F5AD600C57248 = {
						CreatedOnToolsVersion = 10.1;
					};
				};
			};
			buildConfigurationList = 2BB6D7BB225F5AD600C57248 /* Build configuration list for PBXProject "QuizApp" */;
			compatibilityVersion = "Xcode 9.3";
			developmentRegion = en;
			hasScannedForEncodings = 0;
			knownRegions = (
				en,
				Base,
			);
			mainGroup = 2BB6D7B7225F5AD600C57248;
			productRefGroup = 2BB6D7C1225F5AD600C57248 /* Products */;
			projectDirPath = "";
			projectRoot = "";
			targets = (
				2BB6D7BF225F5AD600C57248 /* QuizApp */,
			);
		};
/* End PBXProject section */

/* Begin PBXResourcesBuildPhase section */
		2BB6D7BE225F5AD600C57248 /* Resources */ = {
			isa = PBXResourcesBuildPhase;
			buildActionMask = 2147483647;
			files = (
				2B6B97DA22C527ED00582585 /* LeaderboardViewController.xib in Resources */,
				2B6B97DE22C52CC500582585 /* LeaderboardTableViewCell.xib in Resources */,
				2B6B97E622C546D500582585 /* SearchViewController.xib in Resources */,
				2B6B34E32291F242001DBF04 /* LoginViewController.xib in Resources */,
				2B4EFFAA22C409D400A3CAE3 /* SettingsViewController.xib in Resources */,
				2BB6D7EC225F92BD00C57248 /* QuestionView.xib in Resources */,
				2B6B34ED2291FF5C001DBF04 /* QuizTableViewCell.xib in Resources */,
				2B6B34E72291FA04001DBF04 /* QuizzesViewController.xib in Resources */,
				2BB6D7CE225F5AD800C57248 /* LaunchScreen.storyboard in Resources */,
				2BB6D7CB225F5AD800C57248 /* Assets.xcassets in Resources */,
				2BB6D7DE225F5F7B00C57248 /* InitialViewController.xib in Resources */,
				2B6B34F32292177F001DBF04 /* QuizViewController.xib in Resources */,
			);
			runOnlyForDeploymentPostprocessing = 0;
		};
/* End PBXResourcesBuildPhase section */

/* Begin PBXShellScriptBuildPhase section */
		256BB22C5EEBEB4F9D8162A3 /* [CP] Embed Pods Frameworks */ = {
			isa = PBXShellScriptBuildPhase;
			buildActionMask = 2147483647;
			files = (
			);
			inputFileListPaths = (
			);
			inputPaths = (
				"${PODS_ROOT}/Target Support Files/Pods-QuizApp/Pods-QuizApp-frameworks.sh",
				"${BUILT_PRODUCTS_DIR}/Kingfisher/Kingfisher.framework",
				"${BUILT_PRODUCTS_DIR}/SnapKit/SnapKit.framework",
			);
			name = "[CP] Embed Pods Frameworks";
			outputFileListPaths = (
			);
			outputPaths = (
				"${TARGET_BUILD_DIR}/${FRAMEWORKS_FOLDER_PATH}/Kingfisher.framework",
				"${TARGET_BUILD_DIR}/${FRAMEWORKS_FOLDER_PATH}/SnapKit.framework",
			);
			runOnlyForDeploymentPostprocessing = 0;
			shellPath = /bin/sh;
			shellScript = "\"${PODS_ROOT}/Target Support Files/Pods-QuizApp/Pods-QuizApp-frameworks.sh\"\n";
			showEnvVarsInLog = 0;
		};
		B8D0B6B9BB87D3423522F873 /* [CP] Check Pods Manifest.lock */ = {
			isa = PBXShellScriptBuildPhase;
			buildActionMask = 2147483647;
			files = (
			);
			inputFileListPaths = (
			);
			inputPaths = (
				"${PODS_PODFILE_DIR_PATH}/Podfile.lock",
				"${PODS_ROOT}/Manifest.lock",
			);
			name = "[CP] Check Pods Manifest.lock";
			outputFileListPaths = (
			);
			outputPaths = (
				"$(DERIVED_FILE_DIR)/Pods-QuizApp-checkManifestLockResult.txt",
			);
			runOnlyForDeploymentPostprocessing = 0;
			shellPath = /bin/sh;
			shellScript = "diff \"${PODS_PODFILE_DIR_PATH}/Podfile.lock\" \"${PODS_ROOT}/Manifest.lock\" > /dev/null\nif [ $? != 0 ] ; then\n    # print error to STDERR\n    echo \"error: The sandbox is not in sync with the Podfile.lock. Run 'pod install' or update your CocoaPods installation.\" >&2\n    exit 1\nfi\n# This output is used by Xcode 'outputs' to avoid re-running this script phase.\necho \"SUCCESS\" > \"${SCRIPT_OUTPUT_FILE_0}\"\n";
			showEnvVarsInLog = 0;
		};
/* End PBXShellScriptBuildPhase section */

/* Begin PBXSourcesBuildPhase section */
		2BB6D7BC225F5AD600C57248 /* Sources */ = {
			isa = PBXSourcesBuildPhase;
			buildActionMask = 2147483647;
			files = (
				2B6B34E62291FA04001DBF04 /* QuizzesViewController.swift in Sources */,
				2B6B34E92291FDCB001DBF04 /* QuizzesTableSectionHeader.swift in Sources */,
				2B6B97D922C527ED00582585 /* LeaderboardViewController.swift in Sources */,
				2B4EFFA922C409D400A3CAE3 /* SettingsViewController.swift in Sources */,
				2BB6D7E4225F666700C57248 /* Question.swift in Sources */,
				2BB6D7E0225F64FA00C57248 /* QuizService.swift in Sources */,
				2BB6D7E8225F8F5F00C57248 /* QuizCategoryColor.swift in Sources */,
				2BAD909822C230AE001C6CE8 /* StatusCode.swift in Sources */,
				2BB6D7EB225F92BD00C57248 /* QuestionView.swift in Sources */,
				2B6B34EF229205F3001DBF04 /* QuizDifficultyView.swift in Sources */,
				2B32AA3822C4BD1D0045C06E /* Model.xcdatamodeld in Sources */,
				2B32AA4222C4CC190045C06E /* DataController.swift in Sources */,
				2B4EFFA622C4091500A3CAE3 /* TabBarViewController.swift in Sources */,
				2B6B34EC2291FF5C001DBF04 /* QuizTableViewCell.swift in Sources */,
				2BD722AA2292ABD7002AD20F /* AuthToken.swift in Sources */,
				2B6B34F22292177F001DBF04 /* QuizViewController.swift in Sources */,
				2BAD909422C0E421001C6CE8 /* QuizSection.swift in Sources */,
				2BAD909622C22891001C6CE8 /* QuizResult.swift in Sources */,
				2B6B97DD22C52CC500582585 /* LeaderboardTableViewCell.swift in Sources */,
				2B6B34E22291F242001DBF04 /* LoginViewController.swift in Sources */,
				2B6B97E022C5301600582585 /* LeaderboardItem.swift in Sources */,
				2BB6D7C4225F5AD600C57248 /* AppDelegate.swift in Sources */,
				2BB6D7E2225F659400C57248 /* Quiz.swift in Sources */,
				2BB6D7DD225F5F7B00C57248 /* InitialViewController.swift in Sources */,
				2B32AA3E22C4C7AF0045C06E /* Quiz2+CoreDataClass.swift in Sources */,
				2BD722A82292AAFC002AD20F /* AuthService.swift in Sources */,
				2B32AA4022C4C7D70045C06E /* Question2+CoreDataClass.swift in Sources */,
				2BD722AC2292AECD002AD20F /* LoginParmeters.swift in Sources */,
				2B6B97E522C546D500582585 /* SearchViewController.swift in Sources */,
			);
			runOnlyForDeploymentPostprocessing = 0;
		};
/* End PBXSourcesBuildPhase section */

/* Begin PBXVariantGroup section */
		2BB6D7CC225F5AD800C57248 /* LaunchScreen.storyboard */ = {
			isa = PBXVariantGroup;
			children = (
				2BB6D7CD225F5AD800C57248 /* Base */,
			);
			name = LaunchScreen.storyboard;
			sourceTree = "<group>";
		};
/* End PBXVariantGroup section */

/* Begin XCBuildConfiguration section */
		2BB6D7D0225F5AD800C57248 /* Debug */ = {
			isa = XCBuildConfiguration;
			buildSettings = {
				ALWAYS_SEARCH_USER_PATHS = NO;
				CLANG_ANALYZER_NONNULL = YES;
				CLANG_ANALYZER_NUMBER_OBJECT_CONVERSION = YES_AGGRESSIVE;
				CLANG_CXX_LANGUAGE_STANDARD = "gnu++14";
				CLANG_CXX_LIBRARY = "libc++";
				CLANG_ENABLE_MODULES = YES;
				CLANG_ENABLE_OBJC_ARC = YES;
				CLANG_ENABLE_OBJC_WEAK = YES;
				CLANG_WARN_BLOCK_CAPTURE_AUTORELEASING = YES;
				CLANG_WARN_BOOL_CONVERSION = YES;
				CLANG_WARN_COMMA = YES;
				CLANG_WARN_CONSTANT_CONVERSION = YES;
				CLANG_WARN_DEPRECATED_OBJC_IMPLEMENTATIONS = YES;
				CLANG_WARN_DIRECT_OBJC_ISA_USAGE = YES_ERROR;
				CLANG_WARN_DOCUMENTATION_COMMENTS = YES;
				CLANG_WARN_EMPTY_BODY = YES;
				CLANG_WARN_ENUM_CONVERSION = YES;
				CLANG_WARN_INFINITE_RECURSION = YES;
				CLANG_WARN_INT_CONVERSION = YES;
				CLANG_WARN_NON_LITERAL_NULL_CONVERSION = YES;
				CLANG_WARN_OBJC_IMPLICIT_RETAIN_SELF = YES;
				CLANG_WARN_OBJC_LITERAL_CONVERSION = YES;
				CLANG_WARN_OBJC_ROOT_CLASS = YES_ERROR;
				CLANG_WARN_RANGE_LOOP_ANALYSIS = YES;
				CLANG_WARN_STRICT_PROTOTYPES = YES;
				CLANG_WARN_SUSPICIOUS_MOVE = YES;
				CLANG_WARN_UNGUARDED_AVAILABILITY = YES_AGGRESSIVE;
				CLANG_WARN_UNREACHABLE_CODE = YES;
				CLANG_WARN__DUPLICATE_METHOD_MATCH = YES;
				CODE_SIGN_IDENTITY = "iPhone Developer";
				COPY_PHASE_STRIP = NO;
				DEBUG_INFORMATION_FORMAT = dwarf;
				ENABLE_STRICT_OBJC_MSGSEND = YES;
				ENABLE_TESTABILITY = YES;
				GCC_C_LANGUAGE_STANDARD = gnu11;
				GCC_DYNAMIC_NO_PIC = NO;
				GCC_NO_COMMON_BLOCKS = YES;
				GCC_OPTIMIZATION_LEVEL = 0;
				GCC_PREPROCESSOR_DEFINITIONS = (
					"DEBUG=1",
					"$(inherited)",
				);
				GCC_WARN_64_TO_32_BIT_CONVERSION = YES;
				GCC_WARN_ABOUT_RETURN_TYPE = YES_ERROR;
				GCC_WARN_UNDECLARED_SELECTOR = YES;
				GCC_WARN_UNINITIALIZED_AUTOS = YES_AGGRESSIVE;
				GCC_WARN_UNUSED_FUNCTION = YES;
				GCC_WARN_UNUSED_VARIABLE = YES;
				IPHONEOS_DEPLOYMENT_TARGET = 12.1;
				MTL_ENABLE_DEBUG_INFO = INCLUDE_SOURCE;
				MTL_FAST_MATH = YES;
				ONLY_ACTIVE_ARCH = YES;
				SDKROOT = iphoneos;
				SWIFT_ACTIVE_COMPILATION_CONDITIONS = DEBUG;
				SWIFT_OPTIMIZATION_LEVEL = "-Onone";
			};
			name = Debug;
		};
		2BB6D7D1225F5AD800C57248 /* Release */ = {
			isa = XCBuildConfiguration;
			buildSettings = {
				ALWAYS_SEARCH_USER_PATHS = NO;
				CLANG_ANALYZER_NONNULL = YES;
				CLANG_ANALYZER_NUMBER_OBJECT_CONVERSION = YES_AGGRESSIVE;
				CLANG_CXX_LANGUAGE_STANDARD = "gnu++14";
				CLANG_CXX_LIBRARY = "libc++";
				CLANG_ENABLE_MODULES = YES;
				CLANG_ENABLE_OBJC_ARC = YES;
				CLANG_ENABLE_OBJC_WEAK = YES;
				CLANG_WARN_BLOCK_CAPTURE_AUTORELEASING = YES;
				CLANG_WARN_BOOL_CONVERSION = YES;
				CLANG_WARN_COMMA = YES;
				CLANG_WARN_CONSTANT_CONVERSION = YES;
				CLANG_WARN_DEPRECATED_OBJC_IMPLEMENTATIONS = YES;
				CLANG_WARN_DIRECT_OBJC_ISA_USAGE = YES_ERROR;
				CLANG_WARN_DOCUMENTATION_COMMENTS = YES;
				CLANG_WARN_EMPTY_BODY = YES;
				CLANG_WARN_ENUM_CONVERSION = YES;
				CLANG_WARN_INFINITE_RECURSION = YES;
				CLANG_WARN_INT_CONVERSION = YES;
				CLANG_WARN_NON_LITERAL_NULL_CONVERSION = YES;
				CLANG_WARN_OBJC_IMPLICIT_RETAIN_SELF = YES;
				CLANG_WARN_OBJC_LITERAL_CONVERSION = YES;
				CLANG_WARN_OBJC_ROOT_CLASS = YES_ERROR;
				CLANG_WARN_RANGE_LOOP_ANALYSIS = YES;
				CLANG_WARN_STRICT_PROTOTYPES = YES;
				CLANG_WARN_SUSPICIOUS_MOVE = YES;
				CLANG_WARN_UNGUARDED_AVAILABILITY = YES_AGGRESSIVE;
				CLANG_WARN_UNREACHABLE_CODE = YES;
				CLANG_WARN__DUPLICATE_METHOD_MATCH = YES;
				CODE_SIGN_IDENTITY = "iPhone Developer";
				COPY_PHASE_STRIP = NO;
				DEBUG_INFORMATION_FORMAT = "dwarf-with-dsym";
				ENABLE_NS_ASSERTIONS = NO;
				ENABLE_STRICT_OBJC_MSGSEND = YES;
				GCC_C_LANGUAGE_STANDARD = gnu11;
				GCC_NO_COMMON_BLOCKS = YES;
				GCC_WARN_64_TO_32_BIT_CONVERSION = YES;
				GCC_WARN_ABOUT_RETURN_TYPE = YES_ERROR;
				GCC_WARN_UNDECLARED_SELECTOR = YES;
				GCC_WARN_UNINITIALIZED_AUTOS = YES_AGGRESSIVE;
				GCC_WARN_UNUSED_FUNCTION = YES;
				GCC_WARN_UNUSED_VARIABLE = YES;
				IPHONEOS_DEPLOYMENT_TARGET = 12.1;
				MTL_ENABLE_DEBUG_INFO = NO;
				MTL_FAST_MATH = YES;
				SDKROOT = iphoneos;
				SWIFT_COMPILATION_MODE = wholemodule;
				SWIFT_OPTIMIZATION_LEVEL = "-O";
				VALIDATE_PRODUCT = YES;
			};
			name = Release;
		};
		2BB6D7D3225F5AD800C57248 /* Debug */ = {
			isa = XCBuildConfiguration;
			baseConfigurationReference = 85E497B20307BC3AB11D9FEC /* Pods-QuizApp.debug.xcconfig */;
			buildSettings = {
				ASSETCATALOG_COMPILER_APPICON_NAME = AppIcon;
				CODE_SIGN_STYLE = Automatic;
				DEVELOPMENT_TEAM = DJ29XZ9HPN;
				INFOPLIST_FILE = iOSVjestina2019_DZ1/Info.plist;
				LD_RUNPATH_SEARCH_PATHS = (
					"$(inherited)",
					"@executable_path/Frameworks",
				);
				PRODUCT_BUNDLE_IDENTIFIER = "com.ivancvitanovic.iOSVjestina2019-DZ1";
				PRODUCT_NAME = "$(TARGET_NAME)";
				SWIFT_VERSION = 4.2;
				TARGETED_DEVICE_FAMILY = "1,2";
			};
			name = Debug;
		};
		2BB6D7D4225F5AD800C57248 /* Release */ = {
			isa = XCBuildConfiguration;
			baseConfigurationReference = 789F8E143B66D2D9EF69D9A8 /* Pods-QuizApp.release.xcconfig */;
			buildSettings = {
				ASSETCATALOG_COMPILER_APPICON_NAME = AppIcon;
				CODE_SIGN_STYLE = Automatic;
				DEVELOPMENT_TEAM = DJ29XZ9HPN;
				INFOPLIST_FILE = iOSVjestina2019_DZ1/Info.plist;
				LD_RUNPATH_SEARCH_PATHS = (
					"$(inherited)",
					"@executable_path/Frameworks",
				);
				PRODUCT_BUNDLE_IDENTIFIER = "com.ivancvitanovic.iOSVjestina2019-DZ1";
				PRODUCT_NAME = "$(TARGET_NAME)";
				SWIFT_VERSION = 4.2;
				TARGETED_DEVICE_FAMILY = "1,2";
			};
			name = Release;
		};
/* End XCBuildConfiguration section */

/* Begin XCConfigurationList section */
		2BB6D7BB225F5AD600C57248 /* Build configuration list for PBXProject "QuizApp" */ = {
			isa = XCConfigurationList;
			buildConfigurations = (
				2BB6D7D0225F5AD800C57248 /* Debug */,
				2BB6D7D1225F5AD800C57248 /* Release */,
			);
			defaultConfigurationIsVisible = 0;
			defaultConfigurationName = Release;
		};
		2BB6D7D2225F5AD800C57248 /* Build configuration list for PBXNativeTarget "QuizApp" */ = {
			isa = XCConfigurationList;
			buildConfigurations = (
				2BB6D7D3225F5AD800C57248 /* Debug */,
				2BB6D7D4225F5AD800C57248 /* Release */,
			);
			defaultConfigurationIsVisible = 0;
			defaultConfigurationName = Release;
		};
/* End XCConfigurationList section */

/* Begin XCVersionGroup section */
		2B32AA3622C4BD1D0045C06E /* Model.xcdatamodeld */ = {
			isa = XCVersionGroup;
			children = (
				2B32AA3722C4BD1D0045C06E /* Model.xcdatamodel */,
			);
			currentVersion = 2B32AA3722C4BD1D0045C06E /* Model.xcdatamodel */;
			path = Model.xcdatamodeld;
			sourceTree = "<group>";
			versionGroupType = wrapper.xcdatamodel;
		};
/* End XCVersionGroup section */
	};
	rootObject = 2BB6D7B8225F5AD600C57248 /* Project object */;
}
